
Microsoft Visual Studio Solution File, Format Version 12.00
# Visual Studio Version 17
VisualStudioVersion = 17.5.33516.290
MinimumVisualStudioVersion = 10.0.40219.1
Project("{FAE04EC0-301F-11D3-BF4B-00C04F79EFBC}") = "WinAgentInstaller", "WinAgentInstaller\WinAgentInstaller.csproj", "{D50DD97C-FECC-4534-B77D-5C638A1E896D}"
EndProject
Global
	GlobalSection(SolutionConfigurationPlatforms) = preSolution
		Debug|Any CPU = Debug|Any CPU
		Release|Any CPU = Release|Any CPU
	EndGlobalSection
	GlobalSection(ProjectConfigurationPlatforms) = postSolution
		{D50DD97C-FECC-4534-B77D-5C638A1E896D}.Debug|Any CPU.ActiveCfg = Debug|Any CPU
		{D50DD97C-FECC-4534-B77D-5C638A1E896D}.Debug|Any CPU.Build.0 = Debug|Any CPU
		{D50DD97C-FECC-4534-B77D-5C638A1E896D}.Release|Any CPU.ActiveCfg = Release|Any CPU
		{D50DD97C-FECC-4534-B77D-5C638A1E896D}.Release|Any CPU.Build.0 = Release|Any CPU
	EndGlobalSection
	GlobalSection(SolutionProperties) = preSolution
		HideSolutionNode = FALSE
	EndGlobalSection
	GlobalSection(ExtensibilityGlobals) = postSolution
		SolutionGuid = {7BFB7151-0143-4CBB-8BCF-C5A6BF8F87A9}
	EndGlobalSection
EndGlobal
